
Microsoft Visual Studio Solution File, Format Version 12.00
# Visual Studio Version 17
VisualStudioVersion = 17.5.33627.172
MinimumVisualStudioVersion = 10.0.40219.1
Project("{9A19103F-16F7-4668-BE54-9A1E7A4F7556}") = "ARLC", "ARLC.csproj", "{A487D4E3-37F9-4553-A1E5-D43854A7D8BD}"
EndProject
Global
	GlobalSection(SolutionConfigurationPlatforms) = preSolution
		Debug|Any CPU = Debug|Any CPU
		Release|Any CPU = Release|Any CPU
	EndGlobalSection
	GlobalSection(ProjectConfigurationPlatforms) = postSolution
		{A487D4E3-37F9-4553-A1E5-D43854A7D8BD}.Debug|Any CPU.ActiveCfg = Debug|Any CPU
		{A487D4E3-37F9-4553-A1E5-D43854A7D8BD}.Debug|Any CPU.Build.0 = Debug|Any CPU
		{A487D4E3-37F9-4553-A1E5-D43854A7D8BD}.Release|Any CPU.ActiveCfg = Release|Any CPU
		{A487D4E3-37F9-4553-A1E5-D43854A7D8BD}.Release|Any CPU.Build.0 = Release|Any CPU
	EndGlobalSection
	GlobalSection(SolutionProperties) = preSolution
		HideSolutionNode = FALSE
	EndGlobalSection
	GlobalSection(ExtensibilityGlobals) = postSolution
		SolutionGuid = {19FCC37E-CF5C-47A0-9162-6BCAABA6979B}
	EndGlobalSection
EndGlobal
